// !$*UTF8*$!
{
	archiveVersion = 1;
	classes = {
	};
	objectVersion = 56;
	objects = {

/* Begin PBXBuildFile section */
		B319EF902A312B9100EF34E7 /* LaunchScreen.storyboard in Resources */ = {isa = PBXBuildFile; fileRef = B319EF8F2A312B9100EF34E7 /* LaunchScreen.storyboard */; };
		B38D40A12A2FC67D00BED257 /* NewsAppApp.swift in Sources */ = {isa = PBXBuildFile; fileRef = B38D40A02A2FC67D00BED257 /* NewsAppApp.swift */; };
		B38D40A32A2FC67D00BED257 /* ContentView.swift in Sources */ = {isa = PBXBuildFile; fileRef = B38D40A22A2FC67D00BED257 /* ContentView.swift */; };
		B38D40A52A2FC67E00BED257 /* Assets.xcassets in Resources */ = {isa = PBXBuildFile; fileRef = B38D40A42A2FC67E00BED257 /* Assets.xcassets */; };
		B38D40A82A2FC67E00BED257 /* Preview Assets.xcassets in Resources */ = {isa = PBXBuildFile; fileRef = B38D40A72A2FC67E00BED257 /* Preview Assets.xcassets */; };
		B38D40B02A2FC7AE00BED257 /* Realm in Frameworks */ = {isa = PBXBuildFile; productRef = B38D40AF2A2FC7AE00BED257 /* Realm */; };
		B38D40B22A2FC7AE00BED257 /* RealmSwift in Frameworks */ = {isa = PBXBuildFile; productRef = B38D40B12A2FC7AE00BED257 /* RealmSwift */; };
		B38D40BE2A307EF600BED257 /* NewsFromApi.swift in Sources */ = {isa = PBXBuildFile; fileRef = B38D40BD2A307EF600BED257 /* NewsFromApi.swift */; };
		B38D40C02A30817B00BED257 /* NewsRealm.swift in Sources */ = {isa = PBXBuildFile; fileRef = B38D40BF2A30817B00BED257 /* NewsRealm.swift */; };
		B38D40C22A30842500BED257 /* NetworkService.swift in Sources */ = {isa = PBXBuildFile; fileRef = B38D40C12A30842500BED257 /* NetworkService.swift */; };
		B38D40C52A30C48600BED257 /* DetailView.swift in Sources */ = {isa = PBXBuildFile; fileRef = B38D40C42A30C48600BED257 /* DetailView.swift */; };
/* End PBXBuildFile section */

/* Begin PBXFileReference section */
		B319EF8F2A312B9100EF34E7 /* LaunchScreen.storyboard */ = {isa = PBXFileReference; lastKnownFileType = file.storyboard; path = LaunchScreen.storyboard; sourceTree = "<group>"; };
		B38D409D2A2FC67D00BED257 /* NewsApp.app */ = {isa = PBXFileReference; explicitFileType = wrapper.application; includeInIndex = 0; path = NewsApp.app; sourceTree = BUILT_PRODUCTS_DIR; };
		B38D40A02A2FC67D00BED257 /* NewsAppApp.swift */ = {isa = PBXFileReference; lastKnownFileType = sourcecode.swift; path = NewsAppApp.swift; sourceTree = "<group>"; };
		B38D40A22A2FC67D00BED257 /* ContentView.swift */ = {isa = PBXFileReference; lastKnownFileType = sourcecode.swift; path = ContentView.swift; sourceTree = "<group>"; };
		B38D40A42A2FC67E00BED257 /* Assets.xcassets */ = {isa = PBXFileReference; lastKnownFileType = folder.assetcatalog; path = Assets.xcassets; sourceTree = "<group>"; };
		B38D40A72A2FC67E00BED257 /* Preview Assets.xcassets */ = {isa = PBXFileReference; lastKnownFileType = folder.assetcatalog; path = "Preview Assets.xcassets"; sourceTree = "<group>"; };
		B38D40BD2A307EF600BED257 /* NewsFromApi.swift */ = {isa = PBXFileReference; lastKnownFileType = sourcecode.swift; path = NewsFromApi.swift; sourceTree = "<group>"; };
		B38D40BF2A30817B00BED257 /* NewsRealm.swift */ = {isa = PBXFileReference; lastKnownFileType = sourcecode.swift; path = NewsRealm.swift; sourceTree = "<group>"; };
		B38D40C12A30842500BED257 /* NetworkService.swift */ = {isa = PBXFileReference; lastKnownFileType = sourcecode.swift; path = NetworkService.swift; sourceTree = "<group>"; };
		B38D40C42A30C48600BED257 /* DetailView.swift */ = {isa = PBXFileReference; lastKnownFileType = sourcecode.swift; path = DetailView.swift; sourceTree = "<group>"; };
		B38D40C62A30EB1C00BED257 /* Info.plist */ = {isa = PBXFileReference; lastKnownFileType = text.plist; path = Info.plist; sourceTree = "<group>"; };
/* End PBXFileReference section */

/* Begin PBXFrameworksBuildPhase section */
		B38D409A2A2FC67D00BED257 /* Frameworks */ = {
			isa = PBXFrameworksBuildPhase;
			buildActionMask = 2147483647;
			files = (
				B38D40B22A2FC7AE00BED257 /* RealmSwift in Frameworks */,
				B38D40B02A2FC7AE00BED257 /* Realm in Frameworks */,
			);
			runOnlyForDeploymentPostprocessing = 0;
		};
/* End PBXFrameworksBuildPhase section */

/* Begin PBXGroup section */
		B38D40942A2FC67D00BED257 = {
			isa = PBXGroup;
			children = (
				B38D409F2A2FC67D00BED257 /* NewsApp */,
				B38D409E2A2FC67D00BED257 /* Products */,
			);
			sourceTree = "<group>";
		};
		B38D409E2A2FC67D00BED257 /* Products */ = {
			isa = PBXGroup;
			children = (
				B38D409D2A2FC67D00BED257 /* NewsApp.app */,
			);
			name = Products;
			sourceTree = "<group>";
		};
		B38D409F2A2FC67D00BED257 /* NewsApp */ = {
			isa = PBXGroup;
			children = (
				B38D40C62A30EB1C00BED257 /* Info.plist */,
				B38D40C32A30C0A200BED257 /* Model */,
				B38D40A02A2FC67D00BED257 /* NewsAppApp.swift */,
				B319EF8F2A312B9100EF34E7 /* LaunchScreen.storyboard */,
				B38D40A22A2FC67D00BED257 /* ContentView.swift */,
				B38D40C42A30C48600BED257 /* DetailView.swift */,
				B38D40C12A30842500BED257 /* NetworkService.swift */,
				B38D40A42A2FC67E00BED257 /* Assets.xcassets */,
				B38D40A62A2FC67E00BED257 /* Preview Content */,
			);
			path = NewsApp;
			sourceTree = "<group>";
		};
		B38D40A62A2FC67E00BED257 /* Preview Content */ = {
			isa = PBXGroup;
			children = (
				B38D40A72A2FC67E00BED257 /* Preview Assets.xcassets */,
			);
			path = "Preview Content";
			sourceTree = "<group>";
		};
		B38D40C32A30C0A200BED257 /* Model */ = {
			isa = PBXGroup;
			children = (
				B38D40BD2A307EF600BED257 /* NewsFromApi.swift */,
				B38D40BF2A30817B00BED257 /* NewsRealm.swift */,
			);
			name = Model;
			sourceTree = "<group>";
		};
/* End PBXGroup section */

/* Begin PBXNativeTarget section */
		B38D409C2A2FC67D00BED257 /* NewsApp */ = {
			isa = PBXNativeTarget;
			buildConfigurationList = B38D40AB2A2FC67E00BED257 /* Build configuration list for PBXNativeTarget "NewsApp" */;
			buildPhases = (
				B38D40992A2FC67D00BED257 /* Sources */,
				B38D409A2A2FC67D00BED257 /* Frameworks */,
				B38D409B2A2FC67D00BED257 /* Resources */,
			);
			buildRules = (
			);
			dependencies = (
			);
			name = NewsApp;
			packageProductDependencies = (
				B38D40AF2A2FC7AE00BED257 /* Realm */,
				B38D40B12A2FC7AE00BED257 /* RealmSwift */,
			);
			productName = NewsApp;
			productReference = B38D409D2A2FC67D00BED257 /* NewsApp.app */;
			productType = "com.apple.product-type.application";
		};
/* End PBXNativeTarget section */

/* Begin PBXProject section */
		B38D40952A2FC67D00BED257 /* Project object */ = {
			isa = PBXProject;
			attributes = {
				BuildIndependentTargetsInParallel = 1;
				LastSwiftUpdateCheck = 1430;
				LastUpgradeCheck = 1430;
				TargetAttributes = {
					B38D409C2A2FC67D00BED257 = {
						CreatedOnToolsVersion = 14.3.1;
					};
				};
			};
			buildConfigurationList = B38D40982A2FC67D00BED257 /* Build configuration list for PBXProject "NewsApp" */;
			compatibilityVersion = "Xcode 14.0";
			developmentRegion = en;
			hasScannedForEncodings = 0;
			knownRegions = (
				en,
				Base,
			);
			mainGroup = B38D40942A2FC67D00BED257;
			packageReferences = (
				B38D40AE2A2FC7AE00BED257 /* XCRemoteSwiftPackageReference "realm-swift" */,
			);
			productRefGroup = B38D409E2A2FC67D00BED257 /* Products */;
			projectDirPath = "";
			projectRoot = "";
			targets = (
				B38D409C2A2FC67D00BED257 /* NewsApp */,
			);
		};
/* End PBXProject section */

/* Begin PBXResourcesBuildPhase section */
		B38D409B2A2FC67D00BED257 /* Resources */ = {
			isa = PBXResourcesBuildPhase;
			buildActionMask = 2147483647;
			files = (
				B319EF902A312B9100EF34E7 /* LaunchScreen.storyboard in Resources */,
				B38D40A82A2FC67E00BED257 /* Preview Assets.xcassets in Resources */,
				B38D40A52A2FC67E00BED257 /* Assets.xcassets in Resources */,
			);
			runOnlyForDeploymentPostprocessing = 0;
		};
/* End PBXResourcesBuildPhase section */

/* Begin PBXSourcesBuildPhase section */
		B38D40992A2FC67D00BED257 /* Sources */ = {
			isa = PBXSourcesBuildPhase;
			buildActionMask = 2147483647;
			files = (
				B38D40C22A30842500BED257 /* NetworkService.swift in Sources */,
				B38D40C52A30C48600BED257 /* DetailView.swift in Sources */,
				B38D40C02A30817B00BED257 /* NewsRealm.swift in Sources */,
				B38D40A32A2FC67D00BED257 /* ContentView.swift in Sources */,
				B38D40A12A2FC67D00BED257 /* NewsAppApp.swift in Sources */,
				B38D40BE2A307EF600BED257 /* NewsFromApi.swift in Sources */,
			);
			runOnlyForDeploymentPostprocessing = 0;
		};
/* End PBXSourcesBuildPhase section */

/* Begin XCBuildConfiguration section */
		B38D40A92A2FC67E00BED257 /* Debug */ = {
			isa = XCBuildConfiguration;
			buildSettings = {
				ALWAYS_SEARCH_USER_PATHS = NO;
				CLANG_ANALYZER_NONNULL = YES;
				CLANG_ANALYZER_NUMBER_OBJECT_CONVERSION = YES_AGGRESSIVE;
				CLANG_CXX_LANGUAGE_STANDARD = "gnu++20";
				CLANG_ENABLE_MODULES = YES;
				CLANG_ENABLE_OBJC_ARC = YES;
				CLANG_ENABLE_OBJC_WEAK = YES;
				CLANG_WARN_BLOCK_CAPTURE_AUTORELEASING = YES;
				CLANG_WARN_BOOL_CONVERSION = YES;
				CLANG_WARN_COMMA = YES;
				CLANG_WARN_CONSTANT_CONVERSION = YES;
				CLANG_WARN_DEPRECATED_OBJC_IMPLEMENTATIONS = YES;
				CLANG_WARN_DIRECT_OBJC_ISA_USAGE = YES_ERROR;
				CLANG_WARN_DOCUMENTATION_COMMENTS = YES;
				CLANG_WARN_EMPTY_BODY = YES;
				CLANG_WARN_ENUM_CONVERSION = YES;
				CLANG_WARN_INFINITE_RECURSION = YES;
				CLANG_WARN_INT_CONVERSION = YES;
				CLANG_WARN_NON_LITERAL_NULL_CONVERSION = YES;
				CLANG_WARN_OBJC_IMPLICIT_RETAIN_SELF = YES;
				CLANG_WARN_OBJC_LITERAL_CONVERSION = YES;
				CLANG_WARN_OBJC_ROOT_CLASS = YES_ERROR;
				CLANG_WARN_QUOTED_INCLUDE_IN_FRAMEWORK_HEADER = YES;
				CLANG_WARN_RANGE_LOOP_ANALYSIS = YES;
				CLANG_WARN_STRICT_PROTOTYPES = YES;
				CLANG_WARN_SUSPICIOUS_MOVE = YES;
				CLANG_WARN_UNGUARDED_AVAILABILITY = YES_AGGRESSIVE;
				CLANG_WARN_UNREACHABLE_CODE = YES;
				CLANG_WARN__DUPLICATE_METHOD_MATCH = YES;
				COPY_PHASE_STRIP = NO;
				DEBUG_INFORMATION_FORMAT = dwarf;
				ENABLE_STRICT_OBJC_MSGSEND = YES;
				ENABLE_TESTABILITY = YES;
				GCC_C_LANGUAGE_STANDARD = gnu11;
				GCC_DYNAMIC_NO_PIC = NO;
				GCC_NO_COMMON_BLOCKS = YES;
				GCC_OPTIMIZATION_LEVEL = 0;
				GCC_PREPROCESSOR_DEFINITIONS = (
					"DEBUG=1",
					"$(inherited)",
				);
				GCC_WARN_64_TO_32_BIT_CONVERSION = YES;
				GCC_WARN_ABOUT_RETURN_TYPE = YES_ERROR;
				GCC_WARN_UNDECLARED_SELECTOR = YES;
				GCC_WARN_UNINITIALIZED_AUTOS = YES_AGGRESSIVE;
				GCC_WARN_UNUSED_FUNCTION = YES;
				GCC_WARN_UNUSED_VARIABLE = YES;
				IPHONEOS_DEPLOYMENT_TARGET = 16.0;
				MTL_ENABLE_DEBUG_INFO = INCLUDE_SOURCE;
				MTL_FAST_MATH = YES;
				ONLY_ACTIVE_ARCH = YES;
				SDKROOT = iphoneos;
				SWIFT_ACTIVE_COMPILATION_CONDITIONS = DEBUG;
				SWIFT_OPTIMIZATION_LEVEL = "-Onone";
			};
			name = Debug;
		};
		B38D40AA2A2FC67E00BED257 /* Release */ = {
			isa = XCBuildConfiguration;
			buildSettings = {
				ALWAYS_SEARCH_USER_PATHS = NO;
				CLANG_ANALYZER_NONNULL = YES;
				CLANG_ANALYZER_NUMBER_OBJECT_CONVERSION = YES_AGGRESSIVE;
				CLANG_CXX_LANGUAGE_STANDARD = "gnu++20";
				CLANG_ENABLE_MODULES = YES;
				CLANG_ENABLE_OBJC_ARC = YES;
				CLANG_ENABLE_OBJC_WEAK = YES;
				CLANG_WARN_BLOCK_CAPTURE_AUTORELEASING = YES;
				CLANG_WARN_BOOL_CONVERSION = YES;
				CLANG_WARN_COMMA = YES;
				CLANG_WARN_CONSTANT_CONVERSION = YES;
				CLANG_WARN_DEPRECATED_OBJC_IMPLEMENTATIONS = YES;
				CLANG_WARN_DIRECT_OBJC_ISA_USAGE = YES_ERROR;
				CLANG_WARN_DOCUMENTATION_COMMENTS = YES;
				CLANG_WARN_EMPTY_BODY = YES;
				CLANG_WARN_ENUM_CONVERSION = YES;
				CLANG_WARN_INFINITE_RECURSION = YES;
				CLANG_WARN_INT_CONVERSION = YES;
				CLANG_WARN_NON_LITERAL_NULL_CONVERSION = YES;
				CLANG_WARN_OBJC_IMPLICIT_RETAIN_SELF = YES;
				CLANG_WARN_OBJC_LITERAL_CONVERSION = YES;
				CLANG_WARN_OBJC_ROOT_CLASS = YES_ERROR;
				CLANG_WARN_QUOTED_INCLUDE_IN_FRAMEWORK_HEADER = YES;
				CLANG_WARN_RANGE_LOOP_ANALYSIS = YES;
				CLANG_WARN_STRICT_PROTOTYPES = YES;
				CLANG_WARN_SUSPICIOUS_MOVE = YES;
				CLANG_WARN_UNGUARDED_AVAILABILITY = YES_AGGRESSIVE;
				CLANG_WARN_UNREACHABLE_CODE = YES;
				CLANG_WARN__DUPLICATE_METHOD_MATCH = YES;
				COPY_PHASE_STRIP = NO;
				DEBUG_INFORMATION_FORMAT = "dwarf-with-dsym";
				ENABLE_NS_ASSERTIONS = NO;
				ENABLE_STRICT_OBJC_MSGSEND = YES;
				GCC_C_LANGUAGE_STANDARD = gnu11;
				GCC_NO_COMMON_BLOCKS = YES;
				GCC_WARN_64_TO_32_BIT_CONVERSION = YES;
				GCC_WARN_ABOUT_RETURN_TYPE = YES_ERROR;
				GCC_WARN_UNDECLARED_SELECTOR = YES;
				GCC_WARN_UNINITIALIZED_AUTOS = YES_AGGRESSIVE;
				GCC_WARN_UNUSED_FUNCTION = YES;
				GCC_WARN_UNUSED_VARIABLE = YES;
				IPHONEOS_DEPLOYMENT_TARGET = 16.0;
				MTL_ENABLE_DEBUG_INFO = NO;
				MTL_FAST_MATH = YES;
				SDKROOT = iphoneos;
				SWIFT_COMPILATION_MODE = wholemodule;
				SWIFT_OPTIMIZATION_LEVEL = "-O";
				VALIDATE_PRODUCT = YES;
			};
			name = Release;
		};
		B38D40AC2A2FC67E00BED257 /* Debug */ = {
			isa = XCBuildConfiguration;
			buildSettings = {
				ASSETCATALOG_COMPILER_APPICON_NAME = AppIcon;
				ASSETCATALOG_COMPILER_GLOBAL_ACCENT_COLOR_NAME = AccentColor;
				ASSETCATALOG_COMPILER_INCLUDE_ALL_APPICON_ASSETS = NO;
				CODE_SIGN_STYLE = Automatic;
				CURRENT_PROJECT_VERSION = 1;
				DEVELOPMENT_ASSET_PATHS = "\"NewsApp/Preview Content\"";
				DEVELOPMENT_TEAM = MFAQQ545Y9;
				ENABLE_PREVIEWS = YES;
				GENERATE_INFOPLIST_FILE = YES;
				INFOPLIST_FILE = NewsApp/Info.plist;
				INFOPLIST_KEY_UIApplicationSceneManifest_Generation = YES;
				INFOPLIST_KEY_UIApplicationSupportsIndirectInputEvents = YES;
				INFOPLIST_KEY_UISupportedInterfaceOrientations = UIInterfaceOrientationPortrait;
				INFOPLIST_KEY_UISupportedInterfaceOrientations_iPad = "UIInterfaceOrientationLandscapeLeft UIInterfaceOrientationLandscapeRight UIInterfaceOrientationPortrait UIInterfaceOrientationPortraitUpsideDown";
				LD_RUNPATH_SEARCH_PATHS = (
					"$(inherited)",
					"@executable_path/Frameworks",
				);
				MARKETING_VERSION = 1.0;
				PRODUCT_BUNDLE_IDENTIFIER = AiSiN.NewsApp;
				PRODUCT_NAME = "$(TARGET_NAME)";
				SUPPORTED_PLATFORMS = "iphoneos iphonesimulator";
				SUPPORTS_MACCATALYST = NO;
				SUPPORTS_MAC_DESIGNED_FOR_IPHONE_IPAD = YES;
				SWIFT_EMIT_LOC_STRINGS = YES;
				SWIFT_VERSION = 5.0;
				TARGETED_DEVICE_FAMILY = 1;
			};
			name = Debug;
		};
		B38D40AD2A2FC67E00BED257 /* Release */ = {
			isa = XCBuildConfiguration;
			buildSettings = {
				ASSETCATALOG_COMPILER_APPICON_NAME = AppIcon;
				ASSETCATALOG_COMPILER_GLOBAL_ACCENT_COLOR_NAME = AccentColor;
				ASSETCATALOG_COMPILER_INCLUDE_ALL_APPICON_ASSETS = NO;
				CODE_SIGN_STYLE = Automatic;
				CURRENT_PROJECT_VERSION = 1;
				DEVELOPMENT_ASSET_PATHS = "\"NewsApp/Preview Content\"";
				DEVELOPMENT_TEAM = MFAQQ545Y9;
				ENABLE_PREVIEWS = YES;
				GENERATE_INFOPLIST_FILE = YES;
				INFOPLIST_FILE = NewsApp/Info.plist;
				INFOPLIST_KEY_UIApplicationSceneManifest_Generation = YES;
				INFOPLIST_KEY_UIApplicationSupportsIndirectInputEvents = YES;
				INFOPLIST_KEY_UISupportedInterfaceOrientations = UIInterfaceOrientationPortrait;
				INFOPLIST_KEY_UISupportedInterfaceOrientations_iPad = "UIInterfaceOrientationLandscapeLeft UIInterfaceOrientationLandscapeRight UIInterfaceOrientationPortrait UIInterfaceOrientationPortraitUpsideDown";
				LD_RUNPATH_SEARCH_PATHS = (
					"$(inherited)",
					"@executable_path/Frameworks",
				);
				MARKETING_VERSION = 1.0;
				PRODUCT_BUNDLE_IDENTIFIER = AiSiN.NewsApp;
				PRODUCT_NAME = "$(TARGET_NAME)";
				SUPPORTED_PLATFORMS = "iphoneos iphonesimulator";
				SUPPORTS_MACCATALYST = NO;
				SUPPORTS_MAC_DESIGNED_FOR_IPHONE_IPAD = YES;
				SWIFT_EMIT_LOC_STRINGS = YES;
				SWIFT_VERSION = 5.0;
				TARGETED_DEVICE_FAMILY = 1;
			};
			name = Release;
		};
/* End XCBuildConfiguration section */

/* Begin XCConfigurationList section */
		B38D40982A2FC67D00BED257 /* Build configuration list for PBXProject "NewsApp" */ = {
			isa = XCConfigurationList;
			buildConfigurations = (
				B38D40A92A2FC67E00BED257 /* Debug */,
				B38D40AA2A2FC67E00BED257 /* Release */,
			);
			defaultConfigurationIsVisible = 0;
			defaultConfigurationName = Release;
		};
		B38D40AB2A2FC67E00BED257 /* Build configuration list for PBXNativeTarget "NewsApp" */ = {
			isa = XCConfigurationList;
			buildConfigurations = (
				B38D40AC2A2FC67E00BED257 /* Debug */,
				B38D40AD2A2FC67E00BED257 /* Release */,
			);
			defaultConfigurationIsVisible = 0;
			defaultConfigurationName = Release;
		};
/* End XCConfigurationList section */

/* Begin XCRemoteSwiftPackageReference section */
		B38D40AE2A2FC7AE00BED257 /* XCRemoteSwiftPackageReference "realm-swift" */ = {
			isa = XCRemoteSwiftPackageReference;
			repositoryURL = "https://github.com/realm/realm-swift.git";
			requirement = {
				branch = master;
				kind = branch;
			};
		};
/* End XCRemoteSwiftPackageReference section */

/* Begin XCSwiftPackageProductDependency section */
		B38D40AF2A2FC7AE00BED257 /* Realm */ = {
			isa = XCSwiftPackageProductDependency;
			package = B38D40AE2A2FC7AE00BED257 /* XCRemoteSwiftPackageReference "realm-swift" */;
			productName = Realm;
		};
		B38D40B12A2FC7AE00BED257 /* RealmSwift */ = {
			isa = XCSwiftPackageProductDependency;
			package = B38D40AE2A2FC7AE00BED257 /* XCRemoteSwiftPackageReference "realm-swift" */;
			productName = RealmSwift;
		};
/* End XCSwiftPackageProductDependency section */
	};
	rootObject = B38D40952A2FC67D00BED257 /* Project object */;
}
